
Microsoft Visual Studio Solution File, Format Version 12.00
# Visual Studio Version 17
VisualStudioVersion = 17.12.35707.178
MinimumVisualStudioVersion = 10.0.40219.1
Project("{2150E333-8FDC-42A3-9474-1A3956D46DE8}") = "src", "src", "{9959570E-D0A6-4E30-B963-9A1A4083AC13}"
EndProject
Project("{2150E333-8FDC-42A3-9474-1A3956D46DE8}") = "tests", "tests", "{EBA65097-F732-4689-938D-B75CD0B47D8B}"
EndProject
Project("{2150E333-8FDC-42A3-9474-1A3956D46DE8}") = "Backend", "Backend", "{3E0FEBDC-8275-4BD2-803A-7219AE9621BF}"
EndProject
Project("{2150E333-8FDC-42A3-9474-1A3956D46DE8}") = "Shared", "Shared", "{D070E98D-2251-44DE-970B-7CC76DB5ADD6}"
EndProject
Project("{2150E333-8FDC-42A3-9474-1A3956D46DE8}") = "Mobile", "Mobile", "{B1FC2716-4F78-46B3-9DE4-24006872F80A}"
EndProject
Project("{FAE04EC0-301F-11D3-BF4B-00C04F79EFBC}") = "MyRecipeBook", "src\Backend\MyRecipeBook\MyRecipeBook.csproj", "{DD770D81-A571-42B6-946D-AB64791E0A7B}"
EndProject
Project("{FAE04EC0-301F-11D3-BF4B-00C04F79EFBC}") = "MyRecipeBook.Application", "src\Backend\MyRecipeBook.Application\MyRecipeBook.Application.csproj", "{685024AF-0756-4C8F-A043-BA616DE7A54B}"
EndProject
Project("{FAE04EC0-301F-11D3-BF4B-00C04F79EFBC}") = "MyRecipeBook.Domain", "src\Backend\MyRecipeBook.Domain\MyRecipeBook.Domain.csproj", "{F13115C9-72D4-4C9A-952A-F469CA0146CA}"
EndProject
Project("{FAE04EC0-301F-11D3-BF4B-00C04F79EFBC}") = "MyRecipeBook.Infrastructure", "src\Backend\MyRecipeBook.Infrastructure\MyRecipeBook.Infrastructure.csproj", "{2317BA40-5366-4E14-88F9-EF3BB4924C42}"
EndProject
Project("{FAE04EC0-301F-11D3-BF4B-00C04F79EFBC}") = "MyRecipeBook.Communication", "src\Shared\MyRecipeBook.Communication\MyRecipeBook.Communication.csproj", "{7AF1CD5C-2FAC-41A5-9BC4-5E9C9487B676}"
EndProject
Project("{FAE04EC0-301F-11D3-BF4B-00C04F79EFBC}") = "MyRecipeBook.Exceptions", "src\Shared\MyRecipeBook.Exceptions\MyRecipeBook.Exceptions.csproj", "{F5A892C4-35F4-40E3-8F9E-520F0E4ADB4F}"
EndProject
Project("{FAE04EC0-301F-11D3-BF4B-00C04F79EFBC}") = "Validator.Test", "tests\Validator.Test\Validator.Test.csproj", "{10DE5685-CC36-4E6B-A0B2-18801181F78E}"
EndProject
Project("{FAE04EC0-301F-11D3-BF4B-00C04F79EFBC}") = "CommomTestUtilities", "tests\CommomTestUtilities\CommomTestUtilities.csproj", "{8AE7DB65-FF70-494B-B278-3617BF25D0E2}"
EndProject
Global
	GlobalSection(SolutionConfigurationPlatforms) = preSolution
		Debug|Any CPU = Debug|Any CPU
		Release|Any CPU = Release|Any CPU
	EndGlobalSection
	GlobalSection(ProjectConfigurationPlatforms) = postSolution
		{DD770D81-A571-42B6-946D-AB64791E0A7B}.Debug|Any CPU.ActiveCfg = Debug|Any CPU
		{DD770D81-A571-42B6-946D-AB64791E0A7B}.Debug|Any CPU.Build.0 = Debug|Any CPU
		{DD770D81-A571-42B6-946D-AB64791E0A7B}.Release|Any CPU.ActiveCfg = Release|Any CPU
		{DD770D81-A571-42B6-946D-AB64791E0A7B}.Release|Any CPU.Build.0 = Release|Any CPU
		{685024AF-0756-4C8F-A043-BA616DE7A54B}.Debug|Any CPU.ActiveCfg = Debug|Any CPU
		{685024AF-0756-4C8F-A043-BA616DE7A54B}.Debug|Any CPU.Build.0 = Debug|Any CPU
		{685024AF-0756-4C8F-A043-BA616DE7A54B}.Release|Any CPU.ActiveCfg = Release|Any CPU
		{685024AF-0756-4C8F-A043-BA616DE7A54B}.Release|Any CPU.Build.0 = Release|Any CPU
		{F13115C9-72D4-4C9A-952A-F469CA0146CA}.Debug|Any CPU.ActiveCfg = Debug|Any CPU
		{F13115C9-72D4-4C9A-952A-F469CA0146CA}.Debug|Any CPU.Build.0 = Debug|Any CPU
		{F13115C9-72D4-4C9A-952A-F469CA0146CA}.Release|Any CPU.ActiveCfg = Release|Any CPU
		{F13115C9-72D4-4C9A-952A-F469CA0146CA}.Release|Any CPU.Build.0 = Release|Any CPU
		{2317BA40-5366-4E14-88F9-EF3BB4924C42}.Debug|Any CPU.ActiveCfg = Debug|Any CPU
		{2317BA40-5366-4E14-88F9-EF3BB4924C42}.Debug|Any CPU.Build.0 = Debug|Any CPU
		{2317BA40-5366-4E14-88F9-EF3BB4924C42}.Release|Any CPU.ActiveCfg = Release|Any CPU
		{2317BA40-5366-4E14-88F9-EF3BB4924C42}.Release|Any CPU.Build.0 = Release|Any CPU
		{7AF1CD5C-2FAC-41A5-9BC4-5E9C9487B676}.Debug|Any CPU.ActiveCfg = Debug|Any CPU
		{7AF1CD5C-2FAC-41A5-9BC4-5E9C9487B676}.Debug|Any CPU.Build.0 = Debug|Any CPU
		{7AF1CD5C-2FAC-41A5-9BC4-5E9C9487B676}.Release|Any CPU.ActiveCfg = Release|Any CPU
		{7AF1CD5C-2FAC-41A5-9BC4-5E9C9487B676}.Release|Any CPU.Build.0 = Release|Any CPU
		{F5A892C4-35F4-40E3-8F9E-520F0E4ADB4F}.Debug|Any CPU.ActiveCfg = Debug|Any CPU
		{F5A892C4-35F4-40E3-8F9E-520F0E4ADB4F}.Debug|Any CPU.Build.0 = Debug|Any CPU
		{F5A892C4-35F4-40E3-8F9E-520F0E4ADB4F}.Release|Any CPU.ActiveCfg = Release|Any CPU
		{F5A892C4-35F4-40E3-8F9E-520F0E4ADB4F}.Release|Any CPU.Build.0 = Release|Any CPU
		{10DE5685-CC36-4E6B-A0B2-18801181F78E}.Debug|Any CPU.ActiveCfg = Debug|Any CPU
		{10DE5685-CC36-4E6B-A0B2-18801181F78E}.Debug|Any CPU.Build.0 = Debug|Any CPU
		{10DE5685-CC36-4E6B-A0B2-18801181F78E}.Release|Any CPU.ActiveCfg = Release|Any CPU
		{10DE5685-CC36-4E6B-A0B2-18801181F78E}.Release|Any CPU.Build.0 = Release|Any CPU
		{8AE7DB65-FF70-494B-B278-3617BF25D0E2}.Debug|Any CPU.ActiveCfg = Debug|Any CPU
		{8AE7DB65-FF70-494B-B278-3617BF25D0E2}.Debug|Any CPU.Build.0 = Debug|Any CPU
		{8AE7DB65-FF70-494B-B278-3617BF25D0E2}.Release|Any CPU.ActiveCfg = Release|Any CPU
		{8AE7DB65-FF70-494B-B278-3617BF25D0E2}.Release|Any CPU.Build.0 = Release|Any CPU
	EndGlobalSection
	GlobalSection(SolutionProperties) = preSolution
		HideSolutionNode = FALSE
	EndGlobalSection
	GlobalSection(NestedProjects) = preSolution
		{3E0FEBDC-8275-4BD2-803A-7219AE9621BF} = {9959570E-D0A6-4E30-B963-9A1A4083AC13}
		{D070E98D-2251-44DE-970B-7CC76DB5ADD6} = {9959570E-D0A6-4E30-B963-9A1A4083AC13}
		{B1FC2716-4F78-46B3-9DE4-24006872F80A} = {9959570E-D0A6-4E30-B963-9A1A4083AC13}
		{DD770D81-A571-42B6-946D-AB64791E0A7B} = {3E0FEBDC-8275-4BD2-803A-7219AE9621BF}
		{685024AF-0756-4C8F-A043-BA616DE7A54B} = {3E0FEBDC-8275-4BD2-803A-7219AE9621BF}
		{F13115C9-72D4-4C9A-952A-F469CA0146CA} = {3E0FEBDC-8275-4BD2-803A-7219AE9621BF}
		{2317BA40-5366-4E14-88F9-EF3BB4924C42} = {3E0FEBDC-8275-4BD2-803A-7219AE9621BF}
		{7AF1CD5C-2FAC-41A5-9BC4-5E9C9487B676} = {D070E98D-2251-44DE-970B-7CC76DB5ADD6}
		{F5A892C4-35F4-40E3-8F9E-520F0E4ADB4F} = {D070E98D-2251-44DE-970B-7CC76DB5ADD6}
		{10DE5685-CC36-4E6B-A0B2-18801181F78E} = {EBA65097-F732-4689-938D-B75CD0B47D8B}
		{8AE7DB65-FF70-494B-B278-3617BF25D0E2} = {EBA65097-F732-4689-938D-B75CD0B47D8B}
	EndGlobalSection
	GlobalSection(ExtensibilityGlobals) = postSolution
		SolutionGuid = {EDBD8526-26E1-4EFA-932A-D061D0DC9EE1}
	EndGlobalSection
EndGlobal
